
Microsoft Visual Studio Solution File, Format Version 12.00
Project("{FAE04EC0-301F-11D3-BF4B-00C04F79EFBC}") = "CnC.Modernized.Sdl3", "CnC.Modernized.Sdl3\CnC.Modernized.Sdl3.csproj", "{7CD01CE8-3106-4B99-8BE2-5CAEF43822FE}"
EndProject
Project("{FAE04EC0-301F-11D3-BF4B-00C04F79EFBC}") = "CnC.Modernized.GeneralsAndZeroHour.Compression.Eac", "CnC.Modernized.GeneralsAndZeroHour.Compression.Eac\CnC.Modernized.GeneralsAndZeroHour.Compression.Eac.csproj", "{1E1F7574-160D-460D-94B0-7357B9B26486}"
EndProject
Global
	GlobalSection(SolutionConfigurationPlatforms) = preSolution
		Debug|Any CPU = Debug|Any CPU
		Release|Any CPU = Release|Any CPU
	EndGlobalSection
	GlobalSection(ProjectConfigurationPlatforms) = postSolution
		{7CD01CE8-3106-4B99-8BE2-5CAEF43822FE}.Debug|Any CPU.ActiveCfg = Debug|Any CPU
		{7CD01CE8-3106-4B99-8BE2-5CAEF43822FE}.Debug|Any CPU.Build.0 = Debug|Any CPU
		{7CD01CE8-3106-4B99-8BE2-5CAEF43822FE}.Release|Any CPU.ActiveCfg = Release|Any CPU
		{7CD01CE8-3106-4B99-8BE2-5CAEF43822FE}.Release|Any CPU.Build.0 = Release|Any CPU
		{1E1F7574-160D-460D-94B0-7357B9B26486}.Debug|Any CPU.ActiveCfg = Debug|Any CPU
		{1E1F7574-160D-460D-94B0-7357B9B26486}.Debug|Any CPU.Build.0 = Debug|Any CPU
		{1E1F7574-160D-460D-94B0-7357B9B26486}.Release|Any CPU.ActiveCfg = Release|Any CPU
		{1E1F7574-160D-460D-94B0-7357B9B26486}.Release|Any CPU.Build.0 = Release|Any CPU
	EndGlobalSection
EndGlobal
