
Microsoft Visual Studio Solution File, Format Version 12.00
Project("{2150E333-8FDC-42A3-9474-1A3956D46DE8}") = "NativeInterop", "NativeInterop", "{2C694719-91A5-4BB6-BD09-6322A9D1832C}"
EndProject
Project("{FAE04EC0-301F-11D3-BF4B-00C04F79EFBC}") = "CnC.Modernized.Sdl3", "NativeInterop\CnC.Modernized.Sdl3.csproj", "{AE7103FD-A2D0-4C74-99D8-72735D45AE63}"
EndProject
Global
	GlobalSection(SolutionConfigurationPlatforms) = preSolution
		Debug|Any CPU = Debug|Any CPU
		Release|Any CPU = Release|Any CPU
	EndGlobalSection
	GlobalSection(ProjectConfigurationPlatforms) = postSolution
		{AE7103FD-A2D0-4C74-99D8-72735D45AE63}.Debug|Any CPU.ActiveCfg = Debug|Any CPU
		{AE7103FD-A2D0-4C74-99D8-72735D45AE63}.Debug|Any CPU.Build.0 = Debug|Any CPU
		{AE7103FD-A2D0-4C74-99D8-72735D45AE63}.Release|Any CPU.ActiveCfg = Release|Any CPU
		{AE7103FD-A2D0-4C74-99D8-72735D45AE63}.Release|Any CPU.Build.0 = Release|Any CPU
	EndGlobalSection
	GlobalSection(NestedProjects) = preSolution
		{AE7103FD-A2D0-4C74-99D8-72735D45AE63} = {2C694719-91A5-4BB6-BD09-6322A9D1832C}
	EndGlobalSection
EndGlobal
